
Microsoft Visual Studio Solution File, Format Version 12.00
# Visual Studio Version 16
VisualStudioVersion = 16.0.30011.22
MinimumVisualStudioVersion = 10.0.40219.1
Project("{FAE04EC0-301F-11D3-BF4B-00C04F79EFBC}") = "PasswordGenerator", "PasswordGenerator\PasswordGenerator.csproj", "{324F29E1-56D1-4A56-B9CD-92ADB9E2C3FF}"
EndProject
Global
	GlobalSection(SolutionConfigurationPlatforms) = preSolution
		Debug|Any CPU = Debug|Any CPU
		Release|Any CPU = Release|Any CPU
	EndGlobalSection
	GlobalSection(ProjectConfigurationPlatforms) = postSolution
		{324F29E1-56D1-4A56-B9CD-92ADB9E2C3FF}.Debug|Any CPU.ActiveCfg = Debug|Any CPU
		{324F29E1-56D1-4A56-B9CD-92ADB9E2C3FF}.Debug|Any CPU.Build.0 = Debug|Any CPU
		{324F29E1-56D1-4A56-B9CD-92ADB9E2C3FF}.Release|Any CPU.ActiveCfg = Release|Any CPU
		{324F29E1-56D1-4A56-B9CD-92ADB9E2C3FF}.Release|Any CPU.Build.0 = Release|Any CPU
	EndGlobalSection
	GlobalSection(SolutionProperties) = preSolution
		HideSolutionNode = FALSE
	EndGlobalSection
	GlobalSection(ExtensibilityGlobals) = postSolution
		SolutionGuid = {C8E43C2C-C0CD-441E-828F-18F6BD9527F2}
	EndGlobalSection
EndGlobal
